// !$*UTF8*$!
{
	archiveVersion = 1;
	classes = {
	};
	objectVersion = 55;
	objects = {

/* Begin PBXBuildFile section */
		89314F40287667660016ADBE /* SettingsViewModel.swift in Sources */ = {isa = PBXBuildFile; fileRef = 89314F3F287667660016ADBE /* SettingsViewModel.swift */; };
		89314F4428768EFC0016ADBE /* CustomInputField.swift in Sources */ = {isa = PBXBuildFile; fileRef = 89314F4328768EFC0016ADBE /* CustomInputField.swift */; };
		89314F46287694260016ADBE /* TextArea.swift in Sources */ = {isa = PBXBuildFile; fileRef = 89314F45287694260016ADBE /* TextArea.swift */; };
		898F7FA52879208F0033F693 /* ImagePicker.swift in Sources */ = {isa = PBXBuildFile; fileRef = 898F7FA42879208F0033F693 /* ImagePicker.swift */; };
		898F7FA8287921C20033F693 /* ImageUploader.swift in Sources */ = {isa = PBXBuildFile; fileRef = 898F7FA7287921C20033F693 /* ImageUploader.swift */; };
		898F7FDB2879F9560033F693 /* ColorExtensions.swift in Sources */ = {isa = PBXBuildFile; fileRef = 898F7FDA2879F9560033F693 /* ColorExtensions.swift */; };
		89DF6D2B287BCCB8009A6005 /* UserService.swift in Sources */ = {isa = PBXBuildFile; fileRef = 89DF6D2A287BCCB8009A6005 /* UserService.swift */; };
		89E32FF428811B5E0008EE31 /* Kingfisher in Frameworks */ = {isa = PBXBuildFile; productRef = 89E32FF328811B5E0008EE31 /* Kingfisher */; };
		89E32FF72881206E0008EE31 /* FirebaseAuth in Frameworks */ = {isa = PBXBuildFile; productRef = 89E32FF62881206E0008EE31 /* FirebaseAuth */; };
		89E32FF92881206E0008EE31 /* FirebaseFirestore in Frameworks */ = {isa = PBXBuildFile; productRef = 89E32FF82881206E0008EE31 /* FirebaseFirestore */; };
		89E32FFB2881206E0008EE31 /* FirebaseFirestoreSwift in Frameworks */ = {isa = PBXBuildFile; productRef = 89E32FFA2881206E0008EE31 /* FirebaseFirestoreSwift */; };
		89E32FFD2881206E0008EE31 /* FirebaseStorage in Frameworks */ = {isa = PBXBuildFile; productRef = 89E32FFC2881206E0008EE31 /* FirebaseStorage */; };
		89E32FFF28812CB10008EE31 /* ProfileViewModel.swift in Sources */ = {isa = PBXBuildFile; fileRef = 89E32FFE28812CB10008EE31 /* ProfileViewModel.swift */; };
		9C0A0075289B04CD00D249C8 /* SpotifyiOS.xcframework in Frameworks */ = {isa = PBXBuildFile; fileRef = 9C0A0073289B03D100D249C8 /* SpotifyiOS.xcframework */; };
		9C0A0076289B04CD00D249C8 /* SpotifyiOS.xcframework in Embed Frameworks */ = {isa = PBXBuildFile; fileRef = 9C0A0073289B03D100D249C8 /* SpotifyiOS.xcframework */; settings = {ATTRIBUTES = (CodeSignOnCopy, RemoveHeadersOnCopy, ); }; };
		9C1516132890E10300A05695 /* LaunchScreen.storyboard in Resources */ = {isa = PBXBuildFile; fileRef = 9C1516122890E10300A05695 /* LaunchScreen.storyboard */; };
		9C42BC8D28738D9B000E840E /* PostFilterViewModel.swift in Sources */ = {isa = PBXBuildFile; fileRef = 9C42BC8C28738D9B000E840E /* PostFilterViewModel.swift */; };
		9C42BC922873A4C7000E840E /* NewPostView.swift in Sources */ = {isa = PBXBuildFile; fileRef = 9C42BC912873A4C7000E840E /* NewPostView.swift */; };
		9C42BC982873A4F5000E840E /* SettingsView.swift in Sources */ = {isa = PBXBuildFile; fileRef = 9C42BC972873A4F5000E840E /* SettingsView.swift */; };
		9C7FFC9D2879085100CFB905 /* SwiftRowView.swift in Sources */ = {isa = PBXBuildFile; fileRef = 9C7FFC9C2879085100CFB905 /* SwiftRowView.swift */; };
		9C7FFCA128792DE400CFB905 /* User.swift in Sources */ = {isa = PBXBuildFile; fileRef = 9C7FFCA028792DE400CFB905 /* User.swift */; };
		9C7FFCA32879362F00CFB905 /* SignUpView.swift in Sources */ = {isa = PBXBuildFile; fileRef = 9C7FFCA22879362F00CFB905 /* SignUpView.swift */; };
		9C89FA34288B3B1A00D3FB34 /* GoogleService-Info.plist in Resources */ = {isa = PBXBuildFile; fileRef = 9C89FA33288B3B1A00D3FB34 /* GoogleService-Info.plist */; };
		9CBD933D28750631008A0C75 /* SearchView.swift in Sources */ = {isa = PBXBuildFile; fileRef = 9CBD933C28750631008A0C75 /* SearchView.swift */; };
		9CBD934228754289008A0C75 /* SearchViewModel.swift in Sources */ = {isa = PBXBuildFile; fileRef = 9CBD934128754289008A0C75 /* SearchViewModel.swift */; };
		9CBD9344287549A8008A0C75 /* NewPostViewModel.swift in Sources */ = {isa = PBXBuildFile; fileRef = 9CBD9343287549A8008A0C75 /* NewPostViewModel.swift */; };
		9CBD93492875618C008A0C75 /* EditProfileView.swift in Sources */ = {isa = PBXBuildFile; fileRef = 9CBD93482875618C008A0C75 /* EditProfileView.swift */; };
		9CDCFE01288B5EAF005EED61 /* Post.swift in Sources */ = {isa = PBXBuildFile; fileRef = 9CDCFE00288B5EAF005EED61 /* Post.swift */; };
		9CDCFE03288DD186005EED61 /* TweetService.swift in Sources */ = {isa = PBXBuildFile; fileRef = 9CDCFE02288DD186005EED61 /* TweetService.swift */; };
		9CF5A304287699520075D2E9 /* LoginView.swift in Sources */ = {isa = PBXBuildFile; fileRef = 9CF5A303287699520075D2E9 /* LoginView.swift */; };
		9CF5A3082876C0020075D2E9 /* AuthManager.swift in Sources */ = {isa = PBXBuildFile; fileRef = 9CF5A3072876C0020075D2E9 /* AuthManager.swift */; };
		9CF8CAD42872603700050EC1 /* MusicAppApp.swift in Sources */ = {isa = PBXBuildFile; fileRef = 9CF8CAD32872603700050EC1 /* MusicAppApp.swift */; };
		9CF8CAD62872603700050EC1 /* ContentView.swift in Sources */ = {isa = PBXBuildFile; fileRef = 9CF8CAD52872603700050EC1 /* ContentView.swift */; };
		9CF8CAD82872603800050EC1 /* Assets.xcassets in Resources */ = {isa = PBXBuildFile; fileRef = 9CF8CAD72872603800050EC1 /* Assets.xcassets */; };
		9CF8CADB2872603800050EC1 /* Preview Assets.xcassets in Resources */ = {isa = PBXBuildFile; fileRef = 9CF8CADA2872603800050EC1 /* Preview Assets.xcassets */; };
		9CF8CAEB287260A800050EC1 /* FeedView.swift in Sources */ = {isa = PBXBuildFile; fileRef = 9CF8CAEA287260A800050EC1 /* FeedView.swift */; };
		9CF8CAED2872643D00050EC1 /* HLine.swift in Sources */ = {isa = PBXBuildFile; fileRef = 9CF8CAEC2872643D00050EC1 /* HLine.swift */; };
		9CF8CAF228726AFB00050EC1 /* PostView.swift in Sources */ = {isa = PBXBuildFile; fileRef = 9CF8CAF128726AFB00050EC1 /* PostView.swift */; };
		9CF8CAF62872762100050EC1 /* spotifycode.svg in Resources */ = {isa = PBXBuildFile; fileRef = 9CF8CAF52872762100050EC1 /* spotifycode.svg */; };
		9CF8CAF8287277FB00050EC1 /* spotifycode2.svg in Resources */ = {isa = PBXBuildFile; fileRef = 9CF8CAF7287277FA00050EC1 /* spotifycode2.svg */; };
		9CF8CAFD28727E3100050EC1 /* ProfileView.swift in Sources */ = {isa = PBXBuildFile; fileRef = 9CF8CAFC28727E3100050EC1 /* ProfileView.swift */; };
		9CFDF7792890D7F800B61545 /* SpotifyController.swift in Sources */ = {isa = PBXBuildFile; fileRef = 9CFDF7782890D7F800B61545 /* SpotifyController.swift */; };
/* End PBXBuildFile section */

/* Begin PBXCopyFilesBuildPhase section */
		9C0A0077289B04CD00D249C8 /* Embed Frameworks */ = {
			isa = PBXCopyFilesBuildPhase;
			buildActionMask = 2147483647;
			dstPath = "";
			dstSubfolderSpec = 10;
			files = (
				9C0A0076289B04CD00D249C8 /* SpotifyiOS.xcframework in Embed Frameworks */,
			);
			name = "Embed Frameworks";
			runOnlyForDeploymentPostprocessing = 0;
		};
/* End PBXCopyFilesBuildPhase section */

/* Begin PBXFileReference section */
		89314F3F287667660016ADBE /* SettingsViewModel.swift */ = {isa = PBXFileReference; lastKnownFileType = sourcecode.swift; path = SettingsViewModel.swift; sourceTree = "<group>"; };
		89314F4328768EFC0016ADBE /* CustomInputField.swift */ = {isa = PBXFileReference; lastKnownFileType = sourcecode.swift; path = CustomInputField.swift; sourceTree = "<group>"; };
		89314F45287694260016ADBE /* TextArea.swift */ = {isa = PBXFileReference; lastKnownFileType = sourcecode.swift; path = TextArea.swift; sourceTree = "<group>"; };
		898F7FA42879208F0033F693 /* ImagePicker.swift */ = {isa = PBXFileReference; lastKnownFileType = sourcecode.swift; path = ImagePicker.swift; sourceTree = "<group>"; };
		898F7FA7287921C20033F693 /* ImageUploader.swift */ = {isa = PBXFileReference; lastKnownFileType = sourcecode.swift; path = ImageUploader.swift; sourceTree = "<group>"; };
		898F7FDA2879F9560033F693 /* ColorExtensions.swift */ = {isa = PBXFileReference; lastKnownFileType = sourcecode.swift; path = ColorExtensions.swift; sourceTree = "<group>"; };
		89DF6D2A287BCCB8009A6005 /* UserService.swift */ = {isa = PBXFileReference; lastKnownFileType = sourcecode.swift; path = UserService.swift; sourceTree = "<group>"; };
		89E32FFE28812CB10008EE31 /* ProfileViewModel.swift */ = {isa = PBXFileReference; lastKnownFileType = sourcecode.swift; path = ProfileViewModel.swift; sourceTree = "<group>"; };
		9C0A0073289B03D100D249C8 /* SpotifyiOS.xcframework */ = {isa = PBXFileReference; lastKnownFileType = wrapper.xcframework; path = SpotifyiOS.xcframework; sourceTree = "<group>"; };
		9C15160F2890DD0C00A05695 /* MusicApp-Bridging-Header.h */ = {isa = PBXFileReference; lastKnownFileType = sourcecode.c.h; path = "MusicApp-Bridging-Header.h"; sourceTree = "<group>"; };
		9C1516122890E10300A05695 /* LaunchScreen.storyboard */ = {isa = PBXFileReference; lastKnownFileType = file.storyboard; path = LaunchScreen.storyboard; sourceTree = "<group>"; };
		9C42BC8C28738D9B000E840E /* PostFilterViewModel.swift */ = {isa = PBXFileReference; lastKnownFileType = sourcecode.swift; path = PostFilterViewModel.swift; sourceTree = "<group>"; };
		9C42BC912873A4C7000E840E /* NewPostView.swift */ = {isa = PBXFileReference; lastKnownFileType = sourcecode.swift; path = NewPostView.swift; sourceTree = "<group>"; };
		9C42BC972873A4F5000E840E /* SettingsView.swift */ = {isa = PBXFileReference; lastKnownFileType = sourcecode.swift; path = SettingsView.swift; sourceTree = "<group>"; };
		9C7FFC9C2879085100CFB905 /* SwiftRowView.swift */ = {isa = PBXFileReference; lastKnownFileType = sourcecode.swift; path = SwiftRowView.swift; sourceTree = "<group>"; };
		9C7FFCA028792DE400CFB905 /* User.swift */ = {isa = PBXFileReference; lastKnownFileType = sourcecode.swift; name = User.swift; path = MusicApp/User.swift; sourceTree = SOURCE_ROOT; };
		9C7FFCA22879362F00CFB905 /* SignUpView.swift */ = {isa = PBXFileReference; lastKnownFileType = sourcecode.swift; path = SignUpView.swift; sourceTree = "<group>"; };
		9C7FFCA8287A464F00CFB905 /* UserService.swift */ = {isa = PBXFileReference; lastKnownFileType = sourcecode.swift; path = UserService.swift; sourceTree = "<group>"; };
		9C89FA33288B3B1A00D3FB34 /* GoogleService-Info.plist */ = {isa = PBXFileReference; fileEncoding = 4; lastKnownFileType = text.plist.xml; name = "GoogleService-Info.plist"; path = "../../../../Downloads/GoogleService-Info.plist"; sourceTree = "<group>"; };
		9CBD933C28750631008A0C75 /* SearchView.swift */ = {isa = PBXFileReference; lastKnownFileType = sourcecode.swift; path = SearchView.swift; sourceTree = "<group>"; };
		9CBD934128754289008A0C75 /* SearchViewModel.swift */ = {isa = PBXFileReference; lastKnownFileType = sourcecode.swift; path = SearchViewModel.swift; sourceTree = "<group>"; };
		9CBD9343287549A8008A0C75 /* NewPostViewModel.swift */ = {isa = PBXFileReference; lastKnownFileType = sourcecode.swift; path = NewPostViewModel.swift; sourceTree = "<group>"; };
		9CBD93482875618C008A0C75 /* EditProfileView.swift */ = {isa = PBXFileReference; lastKnownFileType = sourcecode.swift; path = EditProfileView.swift; sourceTree = "<group>"; };
		9CDCFE00288B5EAF005EED61 /* Post.swift */ = {isa = PBXFileReference; lastKnownFileType = sourcecode.swift; name = Post.swift; path = MusicApp/Service/Post.swift; sourceTree = SOURCE_ROOT; };
		9CDCFE02288DD186005EED61 /* TweetService.swift */ = {isa = PBXFileReference; lastKnownFileType = sourcecode.swift; path = TweetService.swift; sourceTree = "<group>"; };
		9CF5A2E9287616630075D2E9 /* MusicApp.entitlements */ = {isa = PBXFileReference; lastKnownFileType = text.plist.entitlements; path = MusicApp.entitlements; sourceTree = "<group>"; };
		9CF5A303287699520075D2E9 /* LoginView.swift */ = {isa = PBXFileReference; lastKnownFileType = sourcecode.swift; path = LoginView.swift; sourceTree = "<group>"; };
		9CF5A3072876C0020075D2E9 /* AuthManager.swift */ = {isa = PBXFileReference; lastKnownFileType = sourcecode.swift; path = AuthManager.swift; sourceTree = "<group>"; };
		9CF8CAD02872603700050EC1 /* MusicApp.app */ = {isa = PBXFileReference; explicitFileType = wrapper.application; includeInIndex = 0; path = MusicApp.app; sourceTree = BUILT_PRODUCTS_DIR; };
		9CF8CAD32872603700050EC1 /* MusicAppApp.swift */ = {isa = PBXFileReference; lastKnownFileType = sourcecode.swift; path = MusicAppApp.swift; sourceTree = "<group>"; };
		9CF8CAD52872603700050EC1 /* ContentView.swift */ = {isa = PBXFileReference; lastKnownFileType = sourcecode.swift; path = ContentView.swift; sourceTree = "<group>"; };
		9CF8CAD72872603800050EC1 /* Assets.xcassets */ = {isa = PBXFileReference; lastKnownFileType = folder.assetcatalog; path = Assets.xcassets; sourceTree = "<group>"; };
		9CF8CADA2872603800050EC1 /* Preview Assets.xcassets */ = {isa = PBXFileReference; lastKnownFileType = folder.assetcatalog; path = "Preview Assets.xcassets"; sourceTree = "<group>"; };
		9CF8CAEA287260A800050EC1 /* FeedView.swift */ = {isa = PBXFileReference; lastKnownFileType = sourcecode.swift; path = FeedView.swift; sourceTree = "<group>"; };
		9CF8CAEC2872643D00050EC1 /* HLine.swift */ = {isa = PBXFileReference; lastKnownFileType = sourcecode.swift; path = HLine.swift; sourceTree = "<group>"; };
		9CF8CAF128726AFB00050EC1 /* PostView.swift */ = {isa = PBXFileReference; lastKnownFileType = sourcecode.swift; path = PostView.swift; sourceTree = "<group>"; };
		9CF8CAF52872762100050EC1 /* spotifycode.svg */ = {isa = PBXFileReference; fileEncoding = 4; lastKnownFileType = text; path = spotifycode.svg; sourceTree = "<group>"; };
		9CF8CAF7287277FA00050EC1 /* spotifycode2.svg */ = {isa = PBXFileReference; fileEncoding = 4; lastKnownFileType = text; path = spotifycode2.svg; sourceTree = "<group>"; };
		9CF8CAFC28727E3100050EC1 /* ProfileView.swift */ = {isa = PBXFileReference; lastKnownFileType = sourcecode.swift; path = ProfileView.swift; sourceTree = "<group>"; };
		9CFDF7782890D7F800B61545 /* SpotifyController.swift */ = {isa = PBXFileReference; lastKnownFileType = sourcecode.swift; path = SpotifyController.swift; sourceTree = "<group>"; };
/* End PBXFileReference section */

/* Begin PBXFrameworksBuildPhase section */
		9CF8CACD2872603700050EC1 /* Frameworks */ = {
			isa = PBXFrameworksBuildPhase;
			buildActionMask = 2147483647;
			files = (
				89E32FF428811B5E0008EE31 /* Kingfisher in Frameworks */,
				89E32FF72881206E0008EE31 /* FirebaseAuth in Frameworks */,
				89E32FF92881206E0008EE31 /* FirebaseFirestore in Frameworks */,
				89E32FFD2881206E0008EE31 /* FirebaseStorage in Frameworks */,
				9C0A0075289B04CD00D249C8 /* SpotifyiOS.xcframework in Frameworks */,
				89E32FFB2881206E0008EE31 /* FirebaseFirestoreSwift in Frameworks */,
			);
			runOnlyForDeploymentPostprocessing = 0;
		};
/* End PBXFrameworksBuildPhase section */

/* Begin PBXGroup section */
		898F7FA3287920830033F693 /* Utilities */ = {
			isa = PBXGroup;
			children = (
				898F7FA42879208F0033F693 /* ImagePicker.swift */,
			);
			path = Utilities;
			sourceTree = "<group>";
		};
		898F7FA6287921AA0033F693 /* Service */ = {
			isa = PBXGroup;
			children = (
				898F7FA7287921C20033F693 /* ImageUploader.swift */,
				89DF6D2A287BCCB8009A6005 /* UserService.swift */,
				9CDCFE02288DD186005EED61 /* TweetService.swift */,
			);
			path = Service;
			sourceTree = "<group>";
		};
		898F7FD92879F9340033F693 /* Extensions */ = {
			isa = PBXGroup;
			children = (
				898F7FDA2879F9560033F693 /* ColorExtensions.swift */,
			);
			path = Extensions;
			sourceTree = "<group>";
		};
		89DF6D27287BCC5A009A6005 /* Recovered References */ = {
			isa = PBXGroup;
			children = (
				9C7FFCA8287A464F00CFB905 /* UserService.swift */,
			);
			name = "Recovered References";
			sourceTree = "<group>";
		};
		9C42BC8E2873A492000E840E /* NewPost */ = {
			isa = PBXGroup;
			children = (
				9C42BC902873A4AA000E840E /* ViewModel */,
				9C42BC8F2873A4A3000E840E /* View */,
			);
			path = NewPost;
			sourceTree = "<group>";
		};
		9C42BC8F2873A4A3000E840E /* View */ = {
			isa = PBXGroup;
			children = (
				9C42BC912873A4C7000E840E /* NewPostView.swift */,
			);
			path = View;
			sourceTree = "<group>";
		};
		9C42BC902873A4AA000E840E /* ViewModel */ = {
			isa = PBXGroup;
			children = (
				9CBD9343287549A8008A0C75 /* NewPostViewModel.swift */,
			);
			path = ViewModel;
			sourceTree = "<group>";
		};
		9C42BC932873A4D8000E840E /* Settings */ = {
			isa = PBXGroup;
			children = (
				9C42BC952873A4E2000E840E /* ViewModel */,
				9C42BC942873A4DF000E840E /* View */,
			);
			path = Settings;
			sourceTree = "<group>";
		};
		9C42BC942873A4DF000E840E /* View */ = {
			isa = PBXGroup;
			children = (
				9C42BC972873A4F5000E840E /* SettingsView.swift */,
				9CBD93482875618C008A0C75 /* EditProfileView.swift */,
				9C7FFC9C2879085100CFB905 /* SwiftRowView.swift */,
			);
			path = View;
			sourceTree = "<group>";
		};
		9C42BC952873A4E2000E840E /* ViewModel */ = {
			isa = PBXGroup;
			children = (
				89314F3F287667660016ADBE /* SettingsViewModel.swift */,
			);
			path = ViewModel;
			sourceTree = "<group>";
		};
		9C42BC9A2873A571000E840E /* Search */ = {
			isa = PBXGroup;
			children = (
				9C42BC9C2873A57E000E840E /* ViewModel */,
				9C42BC9B2873A57A000E840E /* View */,
			);
			path = Search;
			sourceTree = "<group>";
		};
		9C42BC9B2873A57A000E840E /* View */ = {
			isa = PBXGroup;
			children = (
				9CBD933C28750631008A0C75 /* SearchView.swift */,
			);
			path = View;
			sourceTree = "<group>";
		};
		9C42BC9C2873A57E000E840E /* ViewModel */ = {
			isa = PBXGroup;
			children = (
				9CBD934128754289008A0C75 /* SearchViewModel.swift */,
			);
			path = ViewModel;
			sourceTree = "<group>";
		};
		9CF5A3022876993B0075D2E9 /* Authentication */ = {
			isa = PBXGroup;
			children = (
				9CF5A303287699520075D2E9 /* LoginView.swift */,
				9CF5A3072876C0020075D2E9 /* AuthManager.swift */,
				9C7FFCA22879362F00CFB905 /* SignUpView.swift */,
			);
			path = Authentication;
			sourceTree = "<group>";
		};
		9CF8CAC72872603700050EC1 = {
			isa = PBXGroup;
			children = (
				9CF8CAD22872603700050EC1 /* MusicApp */,
				9CF8CAD12872603700050EC1 /* Products */,
				89DF6D27287BCC5A009A6005 /* Recovered References */,
			);
			sourceTree = "<group>";
		};
		9CF8CAD12872603700050EC1 /* Products */ = {
			isa = PBXGroup;
			children = (
				9CF8CAD02872603700050EC1 /* MusicApp.app */,
			);
			name = Products;
			sourceTree = "<group>";
		};
		9CF8CAD22872603700050EC1 /* MusicApp */ = {
			isa = PBXGroup;
			children = (
				9C0A0073289B03D100D249C8 /* SpotifyiOS.xcframework */,
				9CFDF7772890D7E500B61545 /* Spotify */,
				9CF5A2E9287616630075D2E9 /* MusicApp.entitlements */,
				898F7FA3287920830033F693 /* Utilities */,
				898F7FD92879F9340033F693 /* Extensions */,
				9CF8CAE32872605900050EC1 /* Model */,
				898F7FA6287921AA0033F693 /* Service */,
				9CF8CAE12872604900050EC1 /* Core */,
				9CF8CAD52872603700050EC1 /* ContentView.swift */,
				9CF8CAD32872603700050EC1 /* MusicAppApp.swift */,
				9CF8CAD72872603800050EC1 /* Assets.xcassets */,
				9CF8CAF52872762100050EC1 /* spotifycode.svg */,
				9C89FA33288B3B1A00D3FB34 /* GoogleService-Info.plist */,
				9CF8CAF7287277FA00050EC1 /* spotifycode2.svg */,
				9CF8CAD92872603800050EC1 /* Preview Content */,
				9C15160F2890DD0C00A05695 /* MusicApp-Bridging-Header.h */,
				9C1516122890E10300A05695 /* LaunchScreen.storyboard */,
			);
			path = MusicApp;
			sourceTree = "<group>";
		};
		9CF8CAD92872603800050EC1 /* Preview Content */ = {
			isa = PBXGroup;
			children = (
				9CF8CADA2872603800050EC1 /* Preview Assets.xcassets */,
			);
			path = "Preview Content";
			sourceTree = "<group>";
		};
		9CF8CAE12872604900050EC1 /* Core */ = {
			isa = PBXGroup;
			children = (
				9CF5A3022876993B0075D2E9 /* Authentication */,
				9CF8CAE62872607400050EC1 /* Components */,
				9CF8CAE72872607B00050EC1 /* Feed */,
				9CF8CAF928727C6300050EC1 /* Profile */,
				9C42BC8E2873A492000E840E /* NewPost */,
				9C42BC9A2873A571000E840E /* Search */,
				9C42BC932873A4D8000E840E /* Settings */,
			);
			path = Core;
			sourceTree = "<group>";
		};
		9CF8CAE32872605900050EC1 /* Model */ = {
			isa = PBXGroup;
			children = (
				9C7FFCA028792DE400CFB905 /* User.swift */,
				9CDCFE00288B5EAF005EED61 /* Post.swift */,
			);
			path = Model;
			sourceTree = "<group>";
		};
		9CF8CAE62872607400050EC1 /* Components */ = {
			isa = PBXGroup;
			children = (
				9CF8CAEE2872661200050EC1 /* Posts */,
				9CF8CAEC2872643D00050EC1 /* HLine.swift */,
				89314F4328768EFC0016ADBE /* CustomInputField.swift */,
				89314F45287694260016ADBE /* TextArea.swift */,
			);
			path = Components;
			sourceTree = "<group>";
		};
		9CF8CAE72872607B00050EC1 /* Feed */ = {
			isa = PBXGroup;
			children = (
				9CF8CAE82872609000050EC1 /* ViewModels */,
				9CF8CAE92872609400050EC1 /* View */,
			);
			path = Feed;
			sourceTree = "<group>";
		};
		9CF8CAE82872609000050EC1 /* ViewModels */ = {
			isa = PBXGroup;
			children = (
			);
			path = ViewModels;
			sourceTree = "<group>";
		};
		9CF8CAE92872609400050EC1 /* View */ = {
			isa = PBXGroup;
			children = (
				9CF8CAEA287260A800050EC1 /* FeedView.swift */,
			);
			path = View;
			sourceTree = "<group>";
		};
		9CF8CAEE2872661200050EC1 /* Posts */ = {
			isa = PBXGroup;
			children = (
				9CF8CAF02872661B00050EC1 /* ViewModel */,
				9CF8CAEF2872661600050EC1 /* View */,
			);
			path = Posts;
			sourceTree = "<group>";
		};
		9CF8CAEF2872661600050EC1 /* View */ = {
			isa = PBXGroup;
			children = (
				9CF8CAF128726AFB00050EC1 /* PostView.swift */,
			);
			path = View;
			sourceTree = "<group>";
		};
		9CF8CAF02872661B00050EC1 /* ViewModel */ = {
			isa = PBXGroup;
			children = (
			);
			path = ViewModel;
			sourceTree = "<group>";
		};
		9CF8CAF928727C6300050EC1 /* Profile */ = {
			isa = PBXGroup;
			children = (
				9CF8CAFB28727E1C00050EC1 /* ViewModel */,
				9CF8CAFA28727E1800050EC1 /* View */,
			);
			path = Profile;
			sourceTree = "<group>";
		};
		9CF8CAFA28727E1800050EC1 /* View */ = {
			isa = PBXGroup;
			children = (
				9CF8CAFC28727E3100050EC1 /* ProfileView.swift */,
			);
			path = View;
			sourceTree = "<group>";
		};
		9CF8CAFB28727E1C00050EC1 /* ViewModel */ = {
			isa = PBXGroup;
			children = (
				9C42BC8C28738D9B000E840E /* PostFilterViewModel.swift */,
				89E32FFE28812CB10008EE31 /* ProfileViewModel.swift */,
			);
			path = ViewModel;
			sourceTree = "<group>";
		};
		9CFDF7772890D7E500B61545 /* Spotify */ = {
			isa = PBXGroup;
			children = (
				9CFDF7782890D7F800B61545 /* SpotifyController.swift */,
			);
			path = Spotify;
			sourceTree = "<group>";
		};
/* End PBXGroup section */

/* Begin PBXNativeTarget section */
		9CF8CACF2872603700050EC1 /* MusicApp */ = {
			isa = PBXNativeTarget;
			buildConfigurationList = 9CF8CADE2872603800050EC1 /* Build configuration list for PBXNativeTarget "MusicApp" */;
			buildPhases = (
				9CF8CACC2872603700050EC1 /* Sources */,
				9CF8CACD2872603700050EC1 /* Frameworks */,
				9CF8CACE2872603700050EC1 /* Resources */,
				9C0A0077289B04CD00D249C8 /* Embed Frameworks */,
			);
			buildRules = (
			);
			dependencies = (
			);
			name = MusicApp;
			packageProductDependencies = (
				89E32FF328811B5E0008EE31 /* Kingfisher */,
				89E32FF62881206E0008EE31 /* FirebaseAuth */,
				89E32FF82881206E0008EE31 /* FirebaseFirestore */,
				89E32FFA2881206E0008EE31 /* FirebaseFirestoreSwift */,
				89E32FFC2881206E0008EE31 /* FirebaseStorage */,
			);
			productName = MusicApp;
			productReference = 9CF8CAD02872603700050EC1 /* MusicApp.app */;
			productType = "com.apple.product-type.application";
		};
/* End PBXNativeTarget section */

/* Begin PBXProject section */
		9CF8CAC82872603700050EC1 /* Project object */ = {
			isa = PBXProject;
			attributes = {
				BuildIndependentTargetsInParallel = 1;
				LastSwiftUpdateCheck = 1340;
				LastUpgradeCheck = 1340;
				TargetAttributes = {
					9CF8CACF2872603700050EC1 = {
						CreatedOnToolsVersion = 13.4.1;
						LastSwiftMigration = 1340;
					};
				};
			};
			buildConfigurationList = 9CF8CACB2872603700050EC1 /* Build configuration list for PBXProject "MusicApp" */;
			compatibilityVersion = "Xcode 13.0";
			developmentRegion = en;
			hasScannedForEncodings = 0;
			knownRegions = (
				en,
				Base,
			);
			mainGroup = 9CF8CAC72872603700050EC1;
			packageReferences = (
				89E32FF228811B5E0008EE31 /* XCRemoteSwiftPackageReference "Kingfisher" */,
				89E32FF52881206E0008EE31 /* XCRemoteSwiftPackageReference "firebase-ios-sdk" */,
			);
			productRefGroup = 9CF8CAD12872603700050EC1 /* Products */;
			projectDirPath = "";
			projectRoot = "";
			targets = (
				9CF8CACF2872603700050EC1 /* MusicApp */,
			);
		};
/* End PBXProject section */

/* Begin PBXResourcesBuildPhase section */
		9CF8CACE2872603700050EC1 /* Resources */ = {
			isa = PBXResourcesBuildPhase;
			buildActionMask = 2147483647;
			files = (
				9CF8CADB2872603800050EC1 /* Preview Assets.xcassets in Resources */,
				9CF8CAF8287277FB00050EC1 /* spotifycode2.svg in Resources */,
				9CF8CAF62872762100050EC1 /* spotifycode.svg in Resources */,
				9C1516132890E10300A05695 /* LaunchScreen.storyboard in Resources */,
				9CF8CAD82872603800050EC1 /* Assets.xcassets in Resources */,
				9C89FA34288B3B1A00D3FB34 /* GoogleService-Info.plist in Resources */,
			);
			runOnlyForDeploymentPostprocessing = 0;
		};
/* End PBXResourcesBuildPhase section */

/* Begin PBXSourcesBuildPhase section */
		9CF8CACC2872603700050EC1 /* Sources */ = {
			isa = PBXSourcesBuildPhase;
			buildActionMask = 2147483647;
			files = (
				9CBD933D28750631008A0C75 /* SearchView.swift in Sources */,
				9CF8CAD62872603700050EC1 /* ContentView.swift in Sources */,
				89314F46287694260016ADBE /* TextArea.swift in Sources */,
				9CF8CAEB287260A800050EC1 /* FeedView.swift in Sources */,
				9CF8CAED2872643D00050EC1 /* HLine.swift in Sources */,
				9CF5A3082876C0020075D2E9 /* AuthManager.swift in Sources */,
				89DF6D2B287BCCB8009A6005 /* UserService.swift in Sources */,
				9CDCFE03288DD186005EED61 /* TweetService.swift in Sources */,
				9CBD9344287549A8008A0C75 /* NewPostViewModel.swift in Sources */,
				9C42BC982873A4F5000E840E /* SettingsView.swift in Sources */,
				9C7FFCA128792DE400CFB905 /* User.swift in Sources */,
				89E32FFF28812CB10008EE31 /* ProfileViewModel.swift in Sources */,
				9CF8CAF228726AFB00050EC1 /* PostView.swift in Sources */,
				9C7FFCA32879362F00CFB905 /* SignUpView.swift in Sources */,
				9CBD934228754289008A0C75 /* SearchViewModel.swift in Sources */,
				9C42BC8D28738D9B000E840E /* PostFilterViewModel.swift in Sources */,
				898F7FDB2879F9560033F693 /* ColorExtensions.swift in Sources */,
				9C7FFC9D2879085100CFB905 /* SwiftRowView.swift in Sources */,
				9CF5A304287699520075D2E9 /* LoginView.swift in Sources */,
				9CF8CAFD28727E3100050EC1 /* ProfileView.swift in Sources */,
				898F7FA8287921C20033F693 /* ImageUploader.swift in Sources */,
				9CF8CAD42872603700050EC1 /* MusicAppApp.swift in Sources */,
				9CBD93492875618C008A0C75 /* EditProfileView.swift in Sources */,
				9C42BC922873A4C7000E840E /* NewPostView.swift in Sources */,
				898F7FA52879208F0033F693 /* ImagePicker.swift in Sources */,
				9CDCFE01288B5EAF005EED61 /* Post.swift in Sources */,
				89314F4428768EFC0016ADBE /* CustomInputField.swift in Sources */,
				9CFDF7792890D7F800B61545 /* SpotifyController.swift in Sources */,
				89314F40287667660016ADBE /* SettingsViewModel.swift in Sources */,
			);
			runOnlyForDeploymentPostprocessing = 0;
		};
/* End PBXSourcesBuildPhase section */

/* Begin XCBuildConfiguration section */
		9CF8CADC2872603800050EC1 /* Debug */ = {
			isa = XCBuildConfiguration;
			buildSettings = {
				ALWAYS_SEARCH_USER_PATHS = NO;
				CLANG_ANALYZER_NONNULL = YES;
				CLANG_ANALYZER_NUMBER_OBJECT_CONVERSION = YES_AGGRESSIVE;
				CLANG_CXX_LANGUAGE_STANDARD = "gnu++17";
				CLANG_ENABLE_MODULES = YES;
				CLANG_ENABLE_OBJC_ARC = YES;
				CLANG_ENABLE_OBJC_WEAK = YES;
				CLANG_WARN_BLOCK_CAPTURE_AUTORELEASING = YES;
				CLANG_WARN_BOOL_CONVERSION = YES;
				CLANG_WARN_COMMA = YES;
				CLANG_WARN_CONSTANT_CONVERSION = YES;
				CLANG_WARN_DEPRECATED_OBJC_IMPLEMENTATIONS = YES;
				CLANG_WARN_DIRECT_OBJC_ISA_USAGE = YES_ERROR;
				CLANG_WARN_DOCUMENTATION_COMMENTS = YES;
				CLANG_WARN_EMPTY_BODY = YES;
				CLANG_WARN_ENUM_CONVERSION = YES;
				CLANG_WARN_INFINITE_RECURSION = YES;
				CLANG_WARN_INT_CONVERSION = YES;
				CLANG_WARN_NON_LITERAL_NULL_CONVERSION = YES;
				CLANG_WARN_OBJC_IMPLICIT_RETAIN_SELF = YES;
				CLANG_WARN_OBJC_LITERAL_CONVERSION = YES;
				CLANG_WARN_OBJC_ROOT_CLASS = YES_ERROR;
				CLANG_WARN_QUOTED_INCLUDE_IN_FRAMEWORK_HEADER = YES;
				CLANG_WARN_RANGE_LOOP_ANALYSIS = YES;
				CLANG_WARN_STRICT_PROTOTYPES = YES;
				CLANG_WARN_SUSPICIOUS_MOVE = YES;
				CLANG_WARN_UNGUARDED_AVAILABILITY = YES_AGGRESSIVE;
				CLANG_WARN_UNREACHABLE_CODE = YES;
				CLANG_WARN__DUPLICATE_METHOD_MATCH = YES;
				COPY_PHASE_STRIP = NO;
				DEBUG_INFORMATION_FORMAT = dwarf;
				ENABLE_STRICT_OBJC_MSGSEND = YES;
				ENABLE_TESTABILITY = YES;
				GCC_C_LANGUAGE_STANDARD = gnu11;
				GCC_DYNAMIC_NO_PIC = NO;
				GCC_NO_COMMON_BLOCKS = YES;
				GCC_OPTIMIZATION_LEVEL = 0;
				GCC_PREPROCESSOR_DEFINITIONS = (
					"DEBUG=1",
					"$(inherited)",
				);
				GCC_WARN_64_TO_32_BIT_CONVERSION = YES;
				GCC_WARN_ABOUT_RETURN_TYPE = YES_ERROR;
				GCC_WARN_UNDECLARED_SELECTOR = YES;
				GCC_WARN_UNINITIALIZED_AUTOS = YES_AGGRESSIVE;
				GCC_WARN_UNUSED_FUNCTION = YES;
				GCC_WARN_UNUSED_VARIABLE = YES;
				IPHONEOS_DEPLOYMENT_TARGET = 15.5;
				MTL_ENABLE_DEBUG_INFO = INCLUDE_SOURCE;
				MTL_FAST_MATH = YES;
				ONLY_ACTIVE_ARCH = YES;
				SDKROOT = iphoneos;
				SWIFT_ACTIVE_COMPILATION_CONDITIONS = DEBUG;
				SWIFT_OPTIMIZATION_LEVEL = "-Onone";
			};
			name = Debug;
		};
		9CF8CADD2872603800050EC1 /* Release */ = {
			isa = XCBuildConfiguration;
			buildSettings = {
				ALWAYS_SEARCH_USER_PATHS = NO;
				CLANG_ANALYZER_NONNULL = YES;
				CLANG_ANALYZER_NUMBER_OBJECT_CONVERSION = YES_AGGRESSIVE;
				CLANG_CXX_LANGUAGE_STANDARD = "gnu++17";
				CLANG_ENABLE_MODULES = YES;
				CLANG_ENABLE_OBJC_ARC = YES;
				CLANG_ENABLE_OBJC_WEAK = YES;
				CLANG_WARN_BLOCK_CAPTURE_AUTORELEASING = YES;
				CLANG_WARN_BOOL_CONVERSION = YES;
				CLANG_WARN_COMMA = YES;
				CLANG_WARN_CONSTANT_CONVERSION = YES;
				CLANG_WARN_DEPRECATED_OBJC_IMPLEMENTATIONS = YES;
				CLANG_WARN_DIRECT_OBJC_ISA_USAGE = YES_ERROR;
				CLANG_WARN_DOCUMENTATION_COMMENTS = YES;
				CLANG_WARN_EMPTY_BODY = YES;
				CLANG_WARN_ENUM_CONVERSION = YES;
				CLANG_WARN_INFINITE_RECURSION = YES;
				CLANG_WARN_INT_CONVERSION = YES;
				CLANG_WARN_NON_LITERAL_NULL_CONVERSION = YES;
				CLANG_WARN_OBJC_IMPLICIT_RETAIN_SELF = YES;
				CLANG_WARN_OBJC_LITERAL_CONVERSION = YES;
				CLANG_WARN_OBJC_ROOT_CLASS = YES_ERROR;
				CLANG_WARN_QUOTED_INCLUDE_IN_FRAMEWORK_HEADER = YES;
				CLANG_WARN_RANGE_LOOP_ANALYSIS = YES;
				CLANG_WARN_STRICT_PROTOTYPES = YES;
				CLANG_WARN_SUSPICIOUS_MOVE = YES;
				CLANG_WARN_UNGUARDED_AVAILABILITY = YES_AGGRESSIVE;
				CLANG_WARN_UNREACHABLE_CODE = YES;
				CLANG_WARN__DUPLICATE_METHOD_MATCH = YES;
				COPY_PHASE_STRIP = NO;
				DEBUG_INFORMATION_FORMAT = "dwarf-with-dsym";
				ENABLE_NS_ASSERTIONS = NO;
				ENABLE_STRICT_OBJC_MSGSEND = YES;
				GCC_C_LANGUAGE_STANDARD = gnu11;
				GCC_NO_COMMON_BLOCKS = YES;
				GCC_WARN_64_TO_32_BIT_CONVERSION = YES;
				GCC_WARN_ABOUT_RETURN_TYPE = YES_ERROR;
				GCC_WARN_UNDECLARED_SELECTOR = YES;
				GCC_WARN_UNINITIALIZED_AUTOS = YES_AGGRESSIVE;
				GCC_WARN_UNUSED_FUNCTION = YES;
				GCC_WARN_UNUSED_VARIABLE = YES;
				IPHONEOS_DEPLOYMENT_TARGET = 15.5;
				MTL_ENABLE_DEBUG_INFO = NO;
				MTL_FAST_MATH = YES;
				SDKROOT = iphoneos;
				SWIFT_COMPILATION_MODE = wholemodule;
				SWIFT_OPTIMIZATION_LEVEL = "-O";
				VALIDATE_PRODUCT = YES;
			};
			name = Release;
		};
		9CF8CADF2872603800050EC1 /* Debug */ = {
			isa = XCBuildConfiguration;
			buildSettings = {
				ASSETCATALOG_COMPILER_APPICON_NAME = AppIcon;
				ASSETCATALOG_COMPILER_GLOBAL_ACCENT_COLOR_NAME = AccentColor;
				CLANG_ENABLE_MODULES = YES;
				CODE_SIGN_ENTITLEMENTS = MusicApp/MusicApp.entitlements;
				CODE_SIGN_IDENTITY = "Apple Development";
				CODE_SIGN_STYLE = Automatic;
				CURRENT_PROJECT_VERSION = 1;
				DEVELOPMENT_ASSET_PATHS = "\"MusicApp/Preview Content\"";
				DEVELOPMENT_TEAM = KD29B8JM64;
				ENABLE_PREVIEWS = YES;
				FRAMEWORK_SEARCH_PATHS = (
					"$(inherited)",
					"$(PROJECT_DIR)/MusicApp/**",
					"$(PROJECT_DIR)/MusicApp",
				);
				GENERATE_INFOPLIST_FILE = YES;
				INFOPLIST_FILE = MusicApp/Info.plist;
				INFOPLIST_KEY_LSApplicationCategoryType = "";
				INFOPLIST_KEY_UIApplicationSupportsIndirectInputEvents = YES;
				INFOPLIST_KEY_UILaunchScreen_Generation = YES;
				INFOPLIST_KEY_UILaunchStoryboardName = LaunchScreen;
				INFOPLIST_KEY_UISupportedInterfaceOrientations = UIInterfaceOrientationPortrait;
				INFOPLIST_KEY_UISupportedInterfaceOrientations_iPad = UIInterfaceOrientationPortrait;
				INFOPLIST_KEY_UISupportedInterfaceOrientations_iPhone = UIInterfaceOrientationPortrait;
				LD_RUNPATH_SEARCH_PATHS = (
					"$(inherited)",
					"@executable_path/Frameworks",
				);
				MARKETING_VERSION = 1.0;
				OTHER_LDFLAGS = "-ObjC";
				PRODUCT_BUNDLE_IDENTIFIER = gang.marcelo.MusicApp;
				PRODUCT_NAME = "$(TARGET_NAME)";
				PROVISIONING_PROFILE_SPECIFIER = "";
				SWIFT_EMIT_LOC_STRINGS = YES;
				SWIFT_OBJC_BRIDGING_HEADER = "MusicApp/MusicApp-Bridging-Header.h";
				SWIFT_OPTIMIZATION_LEVEL = "-Onone";
				SWIFT_VERSION = 5.0;
				TARGETED_DEVICE_FAMILY = 1;
			};
			name = Debug;
		};
		9CF8CAE02872603800050EC1 /* Release */ = {
			isa = XCBuildConfiguration;
			buildSettings = {
				ASSETCATALOG_COMPILER_APPICON_NAME = AppIcon;
				ASSETCATALOG_COMPILER_GLOBAL_ACCENT_COLOR_NAME = AccentColor;
				CLANG_ENABLE_MODULES = YES;
				CODE_SIGN_ENTITLEMENTS = MusicApp/MusicApp.entitlements;
				CODE_SIGN_IDENTITY = "Apple Development";
				CODE_SIGN_STYLE = Automatic;
				CURRENT_PROJECT_VERSION = 1;
				DEVELOPMENT_ASSET_PATHS = "\"MusicApp/Preview Content\"";
				DEVELOPMENT_TEAM = KD29B8JM64;
				ENABLE_PREVIEWS = YES;
				FRAMEWORK_SEARCH_PATHS = (
					"$(inherited)",
					"$(PROJECT_DIR)/MusicApp/**",
					"$(PROJECT_DIR)/MusicApp",
				);
				GENERATE_INFOPLIST_FILE = YES;
				INFOPLIST_FILE = MusicApp/Info.plist;
				INFOPLIST_KEY_LSApplicationCategoryType = "";
				INFOPLIST_KEY_UIApplicationSupportsIndirectInputEvents = YES;
				INFOPLIST_KEY_UILaunchScreen_Generation = YES;
				INFOPLIST_KEY_UILaunchStoryboardName = LaunchScreen;
				INFOPLIST_KEY_UISupportedInterfaceOrientations = UIInterfaceOrientationPortrait;
				INFOPLIST_KEY_UISupportedInterfaceOrientations_iPad = UIInterfaceOrientationPortrait;
				INFOPLIST_KEY_UISupportedInterfaceOrientations_iPhone = UIInterfaceOrientationPortrait;
				LD_RUNPATH_SEARCH_PATHS = (
					"$(inherited)",
					"@executable_path/Frameworks",
				);
				MARKETING_VERSION = 1.0;
				OTHER_LDFLAGS = "-ObjC";
				PRODUCT_BUNDLE_IDENTIFIER = gang.marcelo.MusicApp;
				PRODUCT_NAME = "$(TARGET_NAME)";
				PROVISIONING_PROFILE_SPECIFIER = "";
				SWIFT_EMIT_LOC_STRINGS = YES;
				SWIFT_OBJC_BRIDGING_HEADER = "MusicApp/MusicApp-Bridging-Header.h";
				SWIFT_VERSION = 5.0;
				TARGETED_DEVICE_FAMILY = 1;
			};
			name = Release;
		};
/* End XCBuildConfiguration section */

/* Begin XCConfigurationList section */
		9CF8CACB2872603700050EC1 /* Build configuration list for PBXProject "MusicApp" */ = {
			isa = XCConfigurationList;
			buildConfigurations = (
				9CF8CADC2872603800050EC1 /* Debug */,
				9CF8CADD2872603800050EC1 /* Release */,
			);
			defaultConfigurationIsVisible = 0;
			defaultConfigurationName = Release;
		};
		9CF8CADE2872603800050EC1 /* Build configuration list for PBXNativeTarget "MusicApp" */ = {
			isa = XCConfigurationList;
			buildConfigurations = (
				9CF8CADF2872603800050EC1 /* Debug */,
				9CF8CAE02872603800050EC1 /* Release */,
			);
			defaultConfigurationIsVisible = 0;
			defaultConfigurationName = Release;
		};
/* End XCConfigurationList section */

/* Begin XCRemoteSwiftPackageReference section */
		89E32FF228811B5E0008EE31 /* XCRemoteSwiftPackageReference "Kingfisher" */ = {
			isa = XCRemoteSwiftPackageReference;
			repositoryURL = "https://github.com/onevcat/Kingfisher.git";
			requirement = {
				branch = master;
				kind = branch;
			};
		};
		89E32FF52881206E0008EE31 /* XCRemoteSwiftPackageReference "firebase-ios-sdk" */ = {
			isa = XCRemoteSwiftPackageReference;
			repositoryURL = "https://github.com/firebase/firebase-ios-sdk";
			requirement = {
				branch = master;
				kind = branch;
			};
		};
/* End XCRemoteSwiftPackageReference section */

/* Begin XCSwiftPackageProductDependency section */
		89E32FF328811B5E0008EE31 /* Kingfisher */ = {
			isa = XCSwiftPackageProductDependency;
			package = 89E32FF228811B5E0008EE31 /* XCRemoteSwiftPackageReference "Kingfisher" */;
			productName = Kingfisher;
		};
		89E32FF62881206E0008EE31 /* FirebaseAuth */ = {
			isa = XCSwiftPackageProductDependency;
			package = 89E32FF52881206E0008EE31 /* XCRemoteSwiftPackageReference "firebase-ios-sdk" */;
			productName = FirebaseAuth;
		};
		89E32FF82881206E0008EE31 /* FirebaseFirestore */ = {
			isa = XCSwiftPackageProductDependency;
			package = 89E32FF52881206E0008EE31 /* XCRemoteSwiftPackageReference "firebase-ios-sdk" */;
			productName = FirebaseFirestore;
		};
		89E32FFA2881206E0008EE31 /* FirebaseFirestoreSwift */ = {
			isa = XCSwiftPackageProductDependency;
			package = 89E32FF52881206E0008EE31 /* XCRemoteSwiftPackageReference "firebase-ios-sdk" */;
			productName = FirebaseFirestoreSwift;
		};
		89E32FFC2881206E0008EE31 /* FirebaseStorage */ = {
			isa = XCSwiftPackageProductDependency;
			package = 89E32FF52881206E0008EE31 /* XCRemoteSwiftPackageReference "firebase-ios-sdk" */;
			productName = FirebaseStorage;
		};
/* End XCSwiftPackageProductDependency section */
	};
	rootObject = 9CF8CAC82872603700050EC1 /* Project object */;
}
